
Microsoft Visual Studio Solution File, Format Version 12.00
# Visual Studio Version 17
VisualStudioVersion = 17.11.35312.102
MinimumVisualStudioVersion = 10.0.40219.1
Project("{FAE04EC0-301F-11D3-BF4B-00C04F79EFBC}") = "4-4-BlazorApp", "4-4-BlazorApp\4-4-BlazorApp.csproj", "{4DCA6004-BD7E-44E8-A20E-D1180957C02B}"
EndProject
Global
	GlobalSection(SolutionConfigurationPlatforms) = preSolution
		Debug|Any CPU = Debug|Any CPU
		Release|Any CPU = Release|Any CPU
	EndGlobalSection
	GlobalSection(ProjectConfigurationPlatforms) = postSolution
		{4DCA6004-BD7E-44E8-A20E-D1180957C02B}.Debug|Any CPU.ActiveCfg = Debug|Any CPU
		{4DCA6004-BD7E-44E8-A20E-D1180957C02B}.Debug|Any CPU.Build.0 = Debug|Any CPU
		{4DCA6004-BD7E-44E8-A20E-D1180957C02B}.Release|Any CPU.ActiveCfg = Release|Any CPU
		{4DCA6004-BD7E-44E8-A20E-D1180957C02B}.Release|Any CPU.Build.0 = Release|Any CPU
	EndGlobalSection
	GlobalSection(SolutionProperties) = preSolution
		HideSolutionNode = FALSE
	EndGlobalSection
	GlobalSection(ExtensibilityGlobals) = postSolution
		SolutionGuid = {1F21CF84-68E7-414D-AA00-D2492DDC67B8}
	EndGlobalSection
EndGlobal
