
Microsoft Visual Studio Solution File, Format Version 12.00
# Visual Studio Version 17
VisualStudioVersion = 17.11.35312.102
MinimumVisualStudioVersion = 10.0.40219.1
Project("{FAE04EC0-301F-11D3-BF4B-00C04F79EFBC}") = "2-1-BlazorApp", "2-1-BlazorApp\2-1-BlazorApp.csproj", "{D51A7AE8-6187-41C6-B731-9A7501950B2B}"
EndProject
Global
	GlobalSection(SolutionConfigurationPlatforms) = preSolution
		Debug|Any CPU = Debug|Any CPU
		Release|Any CPU = Release|Any CPU
	EndGlobalSection
	GlobalSection(ProjectConfigurationPlatforms) = postSolution
		{D51A7AE8-6187-41C6-B731-9A7501950B2B}.Debug|Any CPU.ActiveCfg = Debug|Any CPU
		{D51A7AE8-6187-41C6-B731-9A7501950B2B}.Debug|Any CPU.Build.0 = Debug|Any CPU
		{D51A7AE8-6187-41C6-B731-9A7501950B2B}.Release|Any CPU.ActiveCfg = Release|Any CPU
		{D51A7AE8-6187-41C6-B731-9A7501950B2B}.Release|Any CPU.Build.0 = Release|Any CPU
	EndGlobalSection
	GlobalSection(SolutionProperties) = preSolution
		HideSolutionNode = FALSE
	EndGlobalSection
	GlobalSection(ExtensibilityGlobals) = postSolution
		SolutionGuid = {A95E88C7-6C96-481A-8E8B-71205C21C29F}
	EndGlobalSection
EndGlobal
